
Microsoft Visual Studio Solution File, Format Version 12.00
# Visual Studio Version 16
VisualStudioVersion = 16.0.29306.81
MinimumVisualStudioVersion = 10.0.40219.1
Project("{FAE04EC0-301F-11D3-BF4B-00C04F79EFBC}") = "Extractors", "Extractors\Extractors.csproj", "{C32C8ED9-9ACF-42ED-A2C4-840403053505}"
EndProject
Project("{FAE04EC0-301F-11D3-BF4B-00C04F79EFBC}") = "ProjectModel", "ProjectModel\ProjectModel.csproj", "{11E2F87E-61E3-4150-BEBC-2EDF9C876458}"
EndProject
Project("{FAE04EC0-301F-11D3-BF4B-00C04F79EFBC}") = "RevitPlugin", "RevitPlugin\RevitPlugin.csproj", "{38A0B60E-4890-4063-882F-364E3C82A7DB}"
EndProject
Global
	GlobalSection(SolutionConfigurationPlatforms) = preSolution
		Debug|Any CPU = Debug|Any CPU
		Release|Any CPU = Release|Any CPU
	EndGlobalSection
	GlobalSection(ProjectConfigurationPlatforms) = postSolution
		{C32C8ED9-9ACF-42ED-A2C4-840403053505}.Debug|Any CPU.ActiveCfg = Debug|Any CPU
		{C32C8ED9-9ACF-42ED-A2C4-840403053505}.Debug|Any CPU.Build.0 = Debug|Any CPU
		{C32C8ED9-9ACF-42ED-A2C4-840403053505}.Release|Any CPU.ActiveCfg = Release|Any CPU
		{C32C8ED9-9ACF-42ED-A2C4-840403053505}.Release|Any CPU.Build.0 = Release|Any CPU
		{11E2F87E-61E3-4150-BEBC-2EDF9C876458}.Debug|Any CPU.ActiveCfg = Debug|Any CPU
		{11E2F87E-61E3-4150-BEBC-2EDF9C876458}.Debug|Any CPU.Build.0 = Debug|Any CPU
		{11E2F87E-61E3-4150-BEBC-2EDF9C876458}.Release|Any CPU.ActiveCfg = Release|Any CPU
		{11E2F87E-61E3-4150-BEBC-2EDF9C876458}.Release|Any CPU.Build.0 = Release|Any CPU
		{38A0B60E-4890-4063-882F-364E3C82A7DB}.Debug|Any CPU.ActiveCfg = Debug|Any CPU
		{38A0B60E-4890-4063-882F-364E3C82A7DB}.Debug|Any CPU.Build.0 = Debug|Any CPU
		{38A0B60E-4890-4063-882F-364E3C82A7DB}.Release|Any CPU.ActiveCfg = Release|Any CPU
		{38A0B60E-4890-4063-882F-364E3C82A7DB}.Release|Any CPU.Build.0 = Release|Any CPU
	EndGlobalSection
	GlobalSection(SolutionProperties) = preSolution
		HideSolutionNode = FALSE
	EndGlobalSection
	GlobalSection(ExtensibilityGlobals) = postSolution
		SolutionGuid = {CC3337D2-9D2E-42B9-B963-C7CF7CF56B74}
	EndGlobalSection
EndGlobal
